// !$*UTF8*$!
{
	archiveVersion = 1;
	classes = {
	};
	objectVersion = 46;
	objects = {

/* Begin PBXAggregateTarget section */
		"SaltChannel::SaltChannelPackageTests::ProductTarget" /* SaltChannelPackageTests */ = {
			isa = PBXAggregateTarget;
			buildConfigurationList = OBJ_46 /* Build configuration list for PBXAggregateTarget "SaltChannelPackageTests" */;
			buildPhases = (
			);
			dependencies = (
				OBJ_49 /* PBXTargetDependency */,
			);
			name = SaltChannelPackageTests;
			productName = SaltChannelPackageTests;
		};
/* End PBXAggregateTarget section */

/* Begin PBXBuildFile section */
		5B49F04E1F86BA1900C15D30 /* SaltTestData.swift in Sources */ = {isa = PBXBuildFile; fileRef = 5B49F04D1F86BA1900C15D30 /* SaltTestData.swift */; };
		5B49F0501F87AF4D00C15D30 /* EchoMock.swift in Sources */ = {isa = PBXBuildFile; fileRef = 5B49F04F1F87AF4D00C15D30 /* EchoMock.swift */; };
		5B49F0521F87AFC100C15D30 /* BasicHostMock.swift in Sources */ = {isa = PBXBuildFile; fileRef = 5B49F0511F87AFC100C15D30 /* BasicHostMock.swift */; };
		5B49F0541F87B13F00C15D30 /* MockRunner.swift in Sources */ = {isa = PBXBuildFile; fileRef = 5B49F0531F87B13F00C15D30 /* MockRunner.swift */; };
		5B49F0561F87D1A300C15D30 /* Protocol.swift in Sources */ = {isa = PBXBuildFile; fileRef = 5B49F0551F87D1A300C15D30 /* Protocol.swift */; };
		5B5541461F82D2EF00730B41 /* ChannelError.swift in Sources */ = {isa = PBXBuildFile; fileRef = 5B5541451F82D2EF00730B41 /* ChannelError.swift */; };
		5B55414A1F82D63A00730B41 /* ByteUtils.swift in Sources */ = {isa = PBXBuildFile; fileRef = 5B5541491F82D63A00730B41 /* ByteUtils.swift */; };
		5B55414C1F82D6BB00730B41 /* ByteChannel.swift in Sources */ = {isa = PBXBuildFile; fileRef = 5B55414B1F82D6BB00730B41 /* ByteChannel.swift */; };
		5B55414E1F82D87000730B41 /* SaltChannel+Client.swift in Sources */ = {isa = PBXBuildFile; fileRef = 5B55414D1F82D87000730B41 /* SaltChannel+Client.swift */; };
		5B5541501F82DAB000730B41 /* SaltChannel+Protocol.swift in Sources */ = {isa = PBXBuildFile; fileRef = 5B55414F1F82DAB000730B41 /* SaltChannel+Protocol.swift */; };
		5B82011A1F8BAC1800EA7D2D /* SessionTests.swift in Sources */ = {isa = PBXBuildFile; fileRef = 5B8201191F8BAC1800EA7D2D /* SessionTests.swift */; };
		5B82011C1F8BB05900EA7D2D /* SaltChannel+Header.swift in Sources */ = {isa = PBXBuildFile; fileRef = 5B82011B1F8BB05900EA7D2D /* SaltChannel+Header.swift */; };
		5B82011E1F8BB0F600EA7D2D /* Session.swift in Sources */ = {isa = PBXBuildFile; fileRef = 5B82011D1F8BB0F600EA7D2D /* Session.swift */; };
		5BE382D01F8391B700E40069 /* SaltChannel+Crypto.swift in Sources */ = {isa = PBXBuildFile; fileRef = 5BE382CF1F8391B700E40069 /* SaltChannel+Crypto.swift */; };
		5BE382D31F8398D900E40069 /* WaitUntil.swift in Sources */ = {isa = PBXBuildFile; fileRef = 5BE382D11F8394BC00E40069 /* WaitUntil.swift */; };
		5BE382D61F83C88500E40069 /* BasicSaltTests.swift in Sources */ = {isa = PBXBuildFile; fileRef = 5BE382D51F83C88500E40069 /* BasicSaltTests.swift */; };
		5DEEB4C106EA28AB099E3667 /* Pods_SaltChannel.framework in Frameworks */ = {isa = PBXBuildFile; fileRef = 2FE8F3DAEB60D204B9B40DA2 /* Pods_SaltChannel.framework */; };
		A9E995203B5A83B1AB11990E /* Pods_SaltChannel_Tests.framework in Frameworks */ = {isa = PBXBuildFile; fileRef = 6087A55C19DC7C6A5878CBF1 /* Pods_SaltChannel_Tests.framework */; };
		OBJ_24 /* Package.swift in Sources */ = {isa = PBXBuildFile; fileRef = OBJ_6 /* Package.swift */; };
		OBJ_30 /* SaltChannelTests.swift in Sources */ = {isa = PBXBuildFile; fileRef = OBJ_13 /* SaltChannelTests.swift */; };
		OBJ_31 /* SodiumExtensionTest.swift in Sources */ = {isa = PBXBuildFile; fileRef = OBJ_14 /* SodiumExtensionTest.swift */; };
		OBJ_33 /* SaltChannel.framework in Frameworks */ = {isa = PBXBuildFile; fileRef = "SaltChannel::SaltChannel::Product" /* SaltChannel.framework */; };
		OBJ_41 /* Nonce.swift in Sources */ = {isa = PBXBuildFile; fileRef = OBJ_9 /* Nonce.swift */; };
		OBJ_42 /* SaltChannel.swift in Sources */ = {isa = PBXBuildFile; fileRef = OBJ_10 /* SaltChannel.swift */; };
		OBJ_43 /* Sodium+Extension.swift in Sources */ = {isa = PBXBuildFile; fileRef = OBJ_11 /* Sodium+Extension.swift */; };
/* End PBXBuildFile section */

/* Begin PBXContainerItemProxy section */
		5B5541431F82D0F400730B41 /* PBXContainerItemProxy */ = {
			isa = PBXContainerItemProxy;
			containerPortal = OBJ_1 /* Project object */;
			proxyType = 1;
			remoteGlobalIDString = "SaltChannel::SaltChannel";
			remoteInfo = SaltChannel;
		};
		5B5541441F82D0F500730B41 /* PBXContainerItemProxy */ = {
			isa = PBXContainerItemProxy;
			containerPortal = OBJ_1 /* Project object */;
			proxyType = 1;
			remoteGlobalIDString = "SaltChannel::SaltChannel-Tests";
			remoteInfo = "SaltChannel-Tests";
		};
/* End PBXContainerItemProxy section */

/* Begin PBXFileReference section */
		2773C5788EF12ADE39406372 /* Pods-SaltChannel.debug.xcconfig */ = {isa = PBXFileReference; includeInIndex = 1; lastKnownFileType = text.xcconfig; name = "Pods-SaltChannel.debug.xcconfig"; path = "Pods/Target Support Files/Pods-SaltChannel/Pods-SaltChannel.debug.xcconfig"; sourceTree = "<group>"; };
		2FE8F3DAEB60D204B9B40DA2 /* Pods_SaltChannel.framework */ = {isa = PBXFileReference; explicitFileType = wrapper.framework; includeInIndex = 0; path = Pods_SaltChannel.framework; sourceTree = BUILT_PRODUCTS_DIR; };
		5B49F04D1F86BA1900C15D30 /* SaltTestData.swift */ = {isa = PBXFileReference; lastKnownFileType = sourcecode.swift; path = SaltTestData.swift; sourceTree = "<group>"; };
		5B49F04F1F87AF4D00C15D30 /* EchoMock.swift */ = {isa = PBXFileReference; lastKnownFileType = sourcecode.swift; path = EchoMock.swift; sourceTree = "<group>"; };
		5B49F0511F87AFC100C15D30 /* BasicHostMock.swift */ = {isa = PBXFileReference; lastKnownFileType = sourcecode.swift; path = BasicHostMock.swift; sourceTree = "<group>"; };
		5B49F0531F87B13F00C15D30 /* MockRunner.swift */ = {isa = PBXFileReference; lastKnownFileType = sourcecode.swift; path = MockRunner.swift; sourceTree = "<group>"; };
		5B49F0551F87D1A300C15D30 /* Protocol.swift */ = {isa = PBXFileReference; lastKnownFileType = sourcecode.swift; path = Protocol.swift; sourceTree = "<group>"; };
		5B5541451F82D2EF00730B41 /* ChannelError.swift */ = {isa = PBXFileReference; lastKnownFileType = sourcecode.swift; path = ChannelError.swift; sourceTree = "<group>"; };
		5B5541491F82D63A00730B41 /* ByteUtils.swift */ = {isa = PBXFileReference; lastKnownFileType = sourcecode.swift; path = ByteUtils.swift; sourceTree = "<group>"; };
		5B55414B1F82D6BB00730B41 /* ByteChannel.swift */ = {isa = PBXFileReference; lastKnownFileType = sourcecode.swift; path = ByteChannel.swift; sourceTree = "<group>"; };
		5B55414D1F82D87000730B41 /* SaltChannel+Client.swift */ = {isa = PBXFileReference; lastKnownFileType = sourcecode.swift; path = "SaltChannel+Client.swift"; sourceTree = "<group>"; };
		5B55414F1F82DAB000730B41 /* SaltChannel+Protocol.swift */ = {isa = PBXFileReference; lastKnownFileType = sourcecode.swift; path = "SaltChannel+Protocol.swift"; sourceTree = "<group>"; };
		5B8201191F8BAC1800EA7D2D /* SessionTests.swift */ = {isa = PBXFileReference; lastKnownFileType = sourcecode.swift; path = SessionTests.swift; sourceTree = "<group>"; };
		5B82011B1F8BB05900EA7D2D /* SaltChannel+Header.swift */ = {isa = PBXFileReference; lastKnownFileType = sourcecode.swift; path = "SaltChannel+Header.swift"; sourceTree = "<group>"; };
		5B82011D1F8BB0F600EA7D2D /* Session.swift */ = {isa = PBXFileReference; lastKnownFileType = sourcecode.swift; path = Session.swift; sourceTree = "<group>"; };
		5B8201201F8CCB6600EA7D2D /* test_data.h */ = {isa = PBXFileReference; lastKnownFileType = sourcecode.c.h; name = test_data.h; path = "Tests/New Group/test_data.h"; sourceTree = SOURCE_ROOT; };
		5B8201211F8CCB6600EA7D2D /* test_data.c */ = {isa = PBXFileReference; lastKnownFileType = sourcecode.c.c; name = test_data.c; path = "Tests/New Group/test_data.c"; sourceTree = SOURCE_ROOT; };
		5BE382CF1F8391B700E40069 /* SaltChannel+Crypto.swift */ = {isa = PBXFileReference; lastKnownFileType = sourcecode.swift; path = "SaltChannel+Crypto.swift"; sourceTree = "<group>"; };
		5BE382D11F8394BC00E40069 /* WaitUntil.swift */ = {isa = PBXFileReference; fileEncoding = 4; lastKnownFileType = sourcecode.swift; path = WaitUntil.swift; sourceTree = "<group>"; };
		5BE382D41F83A8AE00E40069 /* Info.plist */ = {isa = PBXFileReference; fileEncoding = 4; lastKnownFileType = text.plist.xml; path = Info.plist; sourceTree = "<group>"; };
		5BE382D51F83C88500E40069 /* BasicSaltTests.swift */ = {isa = PBXFileReference; lastKnownFileType = sourcecode.swift; path = BasicSaltTests.swift; sourceTree = "<group>"; };
		6087A55C19DC7C6A5878CBF1 /* Pods_SaltChannel_Tests.framework */ = {isa = PBXFileReference; explicitFileType = wrapper.framework; includeInIndex = 0; path = Pods_SaltChannel_Tests.framework; sourceTree = BUILT_PRODUCTS_DIR; };
		CF90645B5C1040BA9D7096A3 /* Pods-SaltChannel-Tests.release.xcconfig */ = {isa = PBXFileReference; includeInIndex = 1; lastKnownFileType = text.xcconfig; name = "Pods-SaltChannel-Tests.release.xcconfig"; path = "Pods/Target Support Files/Pods-SaltChannel-Tests/Pods-SaltChannel-Tests.release.xcconfig"; sourceTree = "<group>"; };
		EAD45259D197B518FB387E4F /* Pods-SaltChannel-Tests.debug.xcconfig */ = {isa = PBXFileReference; includeInIndex = 1; lastKnownFileType = text.xcconfig; name = "Pods-SaltChannel-Tests.debug.xcconfig"; path = "Pods/Target Support Files/Pods-SaltChannel-Tests/Pods-SaltChannel-Tests.debug.xcconfig"; sourceTree = "<group>"; };
		FE1BEAF3E6FBBB23709F74D8 /* Pods-SaltChannel.release.xcconfig */ = {isa = PBXFileReference; includeInIndex = 1; lastKnownFileType = text.xcconfig; name = "Pods-SaltChannel.release.xcconfig"; path = "Pods/Target Support Files/Pods-SaltChannel/Pods-SaltChannel.release.xcconfig"; sourceTree = "<group>"; };
		OBJ_10 /* SaltChannel.swift */ = {isa = PBXFileReference; lastKnownFileType = sourcecode.swift; path = SaltChannel.swift; sourceTree = "<group>"; };
		OBJ_11 /* Sodium+Extension.swift */ = {isa = PBXFileReference; lastKnownFileType = sourcecode.swift; path = "Sodium+Extension.swift"; sourceTree = "<group>"; };
		OBJ_13 /* SaltChannelTests.swift */ = {isa = PBXFileReference; lastKnownFileType = sourcecode.swift; path = SaltChannelTests.swift; sourceTree = "<group>"; };
		OBJ_14 /* SodiumExtensionTest.swift */ = {isa = PBXFileReference; lastKnownFileType = sourcecode.swift; path = SodiumExtensionTest.swift; sourceTree = "<group>"; };
		OBJ_6 /* Package.swift */ = {isa = PBXFileReference; explicitFileType = sourcecode.swift; path = Package.swift; sourceTree = "<group>"; };
		OBJ_9 /* Nonce.swift */ = {isa = PBXFileReference; lastKnownFileType = sourcecode.swift; path = Nonce.swift; sourceTree = "<group>"; };
		"SaltChannel::SaltChannel-Tests::Product" /* SaltChannel-Tests.xctest */ = {isa = PBXFileReference; explicitFileType = wrapper.cfbundle; path = "SaltChannel-Tests.xctest"; sourceTree = BUILT_PRODUCTS_DIR; };
		"SaltChannel::SaltChannel::Product" /* SaltChannel.framework */ = {isa = PBXFileReference; explicitFileType = wrapper.framework; path = SaltChannel.framework; sourceTree = BUILT_PRODUCTS_DIR; };
/* End PBXFileReference section */

/* Begin PBXFrameworksBuildPhase section */
		810E45A4DF35570D53DBF7FC /* Frameworks */ = {
			isa = PBXFrameworksBuildPhase;
			buildActionMask = 2147483647;
			files = (
			);
			runOnlyForDeploymentPostprocessing = 0;
		};
		OBJ_32 /* Frameworks */ = {
			isa = PBXFrameworksBuildPhase;
			buildActionMask = 0;
			files = (
				OBJ_33 /* SaltChannel.framework in Frameworks */,
				A9E995203B5A83B1AB11990E /* Pods_SaltChannel_Tests.framework in Frameworks */,
			);
			runOnlyForDeploymentPostprocessing = 0;
		};
		OBJ_44 /* Frameworks */ = {
			isa = PBXFrameworksBuildPhase;
			buildActionMask = 0;
			files = (
				5DEEB4C106EA28AB099E3667 /* Pods_SaltChannel.framework in Frameworks */,
			);
			runOnlyForDeploymentPostprocessing = 0;
		};
/* End PBXFrameworksBuildPhase section */

/* Begin PBXGroup section */
		0C70D714D0797D822D150686 /* Pods */ = {
			isa = PBXGroup;
			children = (
				2773C5788EF12ADE39406372 /* Pods-SaltChannel.debug.xcconfig */,
				FE1BEAF3E6FBBB23709F74D8 /* Pods-SaltChannel.release.xcconfig */,
				EAD45259D197B518FB387E4F /* Pods-SaltChannel-Tests.debug.xcconfig */,
				CF90645B5C1040BA9D7096A3 /* Pods-SaltChannel-Tests.release.xcconfig */,
			);
			name = Pods;
			sourceTree = "<group>";
		};
		5B82011F1F8CCAF200EA7D2D /* data */ = {
			isa = PBXGroup;
			children = (
				5B8201201F8CCB6600EA7D2D /* test_data.h */,
				5B8201211F8CCB6600EA7D2D /* test_data.c */,
			);
			path = data;
			sourceTree = SOURCE_ROOT;
		};
		9246E29B1A85CBF5BD9714A6 /* Frameworks */ = {
			isa = PBXGroup;
			children = (
				2FE8F3DAEB60D204B9B40DA2 /* Pods_SaltChannel.framework */,
				6087A55C19DC7C6A5878CBF1 /* Pods_SaltChannel_Tests.framework */,
			);
			name = Frameworks;
			sourceTree = "<group>";
		};
		OBJ_12 /* Tests */ = {
			isa = PBXGroup;
			children = (
				5B82011F1F8CCAF200EA7D2D /* data */,
				OBJ_13 /* SaltChannelTests.swift */,
				OBJ_14 /* SodiumExtensionTest.swift */,
				5BE382D51F83C88500E40069 /* BasicSaltTests.swift */,
				5B49F04D1F86BA1900C15D30 /* SaltTestData.swift */,
				5B49F04F1F87AF4D00C15D30 /* EchoMock.swift */,
				5B49F0511F87AFC100C15D30 /* BasicHostMock.swift */,
				5B49F0531F87B13F00C15D30 /* MockRunner.swift */,
				5B8201191F8BAC1800EA7D2D /* SessionTests.swift */,
			);
			path = Tests;
			sourceTree = SOURCE_ROOT;
		};
		OBJ_16 /* Products */ = {
			isa = PBXGroup;
			children = (
				"SaltChannel::SaltChannel-Tests::Product" /* SaltChannel-Tests.xctest */,
				"SaltChannel::SaltChannel::Product" /* SaltChannel.framework */,
			);
			name = Products;
			sourceTree = BUILT_PRODUCTS_DIR;
		};
		OBJ_5 = {
			isa = PBXGroup;
			children = (
				OBJ_6 /* Package.swift */,
				5BE382D41F83A8AE00E40069 /* Info.plist */,
				OBJ_7 /* Sources */,
				OBJ_12 /* Tests */,
				OBJ_16 /* Products */,
				0C70D714D0797D822D150686 /* Pods */,
				9246E29B1A85CBF5BD9714A6 /* Frameworks */,
			);
			sourceTree = "<group>";
		};
		OBJ_7 /* Sources */ = {
			isa = PBXGroup;
			children = (
				5BE382D11F8394BC00E40069 /* WaitUntil.swift */,
				OBJ_9 /* Nonce.swift */,
				OBJ_10 /* SaltChannel.swift */,
				OBJ_11 /* Sodium+Extension.swift */,
				5B5541451F82D2EF00730B41 /* ChannelError.swift */,
				5B5541491F82D63A00730B41 /* ByteUtils.swift */,
				5B55414B1F82D6BB00730B41 /* ByteChannel.swift */,
				5B55414D1F82D87000730B41 /* SaltChannel+Client.swift */,
				5B55414F1F82DAB000730B41 /* SaltChannel+Protocol.swift */,
				5BE382CF1F8391B700E40069 /* SaltChannel+Crypto.swift */,
				5B49F0551F87D1A300C15D30 /* Protocol.swift */,
				5B82011B1F8BB05900EA7D2D /* SaltChannel+Header.swift */,
				5B82011D1F8BB0F600EA7D2D /* Session.swift */,
			);
			path = Sources;
			sourceTree = SOURCE_ROOT;
		};
/* End PBXGroup section */

/* Begin PBXNativeTarget section */
		"SaltChannel::SaltChannel" /* SaltChannel */ = {
			isa = PBXNativeTarget;
			buildConfigurationList = OBJ_36 /* Build configuration list for PBXNativeTarget "SaltChannel" */;
			buildPhases = (
				C027C12FE1BA2CBBF46CFED0 /* [CP] Check Pods Manifest.lock */,
				OBJ_39 /* Sources */,
				OBJ_44 /* Frameworks */,
				1E9A2726C7618D48C30AFD3E /* [CP] Copy Pods Resources */,
			);
			buildRules = (
			);
			dependencies = (
			);
			name = SaltChannel;
			productName = SaltChannel;
			productReference = "SaltChannel::SaltChannel::Product" /* SaltChannel.framework */;
			productType = "com.apple.product-type.framework";
		};
		"SaltChannel::SaltChannel-Tests" /* SaltChannel-Tests */ = {
			isa = PBXNativeTarget;
			buildConfigurationList = OBJ_26 /* Build configuration list for PBXNativeTarget "SaltChannel-Tests" */;
			buildPhases = (
				48483464DE444A73CA4D846B /* [CP] Check Pods Manifest.lock */,
				OBJ_29 /* Sources */,
				OBJ_32 /* Frameworks */,
				060AB3CA2E47553D7865E33C /* [CP] Embed Pods Frameworks */,
				0093239ED55D09D4387C901F /* [CP] Copy Pods Resources */,
			);
			buildRules = (
			);
			dependencies = (
				OBJ_34 /* PBXTargetDependency */,
			);
			name = "SaltChannel-Tests";
			productName = SaltChannel_Tests;
			productReference = "SaltChannel::SaltChannel-Tests::Product" /* SaltChannel-Tests.xctest */;
			productType = "com.apple.product-type.bundle.unit-test";
		};
		"SaltChannel::SwiftPMPackageDescription" /* SaltChannelPackageDescription */ = {
			isa = PBXNativeTarget;
			buildConfigurationList = OBJ_20 /* Build configuration list for PBXNativeTarget "SaltChannelPackageDescription" */;
			buildPhases = (
				OBJ_23 /* Sources */,
				810E45A4DF35570D53DBF7FC /* Frameworks */,
			);
			buildRules = (
			);
			dependencies = (
			);
			name = SaltChannelPackageDescription;
			productName = SaltChannelPackageDescription;
			productType = "com.apple.product-type.framework";
		};
/* End PBXNativeTarget section */

/* Begin PBXProject section */
		OBJ_1 /* Project object */ = {
			isa = PBXProject;
			attributes = {
				LastUpgradeCheck = 0900;
				TargetAttributes = {
					"SaltChannel::SaltChannel-Tests" = {
						LastSwiftMigration = 0900;
					};
				};
			};
			buildConfigurationList = OBJ_2 /* Build configuration list for PBXProject "SaltChannel" */;
			compatibilityVersion = "Xcode 3.2";
			developmentRegion = English;
			hasScannedForEncodings = 0;
			knownRegions = (
				en,
			);
			mainGroup = OBJ_5;
			productRefGroup = OBJ_16 /* Products */;
			projectDirPath = "";
			projectRoot = "";
			targets = (
				"SaltChannel::SwiftPMPackageDescription" /* SaltChannelPackageDescription */,
				"SaltChannel::SaltChannel-Tests" /* SaltChannel-Tests */,
				"SaltChannel::SaltChannel" /* SaltChannel */,
				"SaltChannel::SaltChannelPackageTests::ProductTarget" /* SaltChannelPackageTests */,
			);
		};
/* End PBXProject section */

/* Begin PBXShellScriptBuildPhase section */
		0093239ED55D09D4387C901F /* [CP] Copy Pods Resources */ = {
			isa = PBXShellScriptBuildPhase;
			buildActionMask = 2147483647;
			files = (
			);
			inputPaths = (
			);
			name = "[CP] Copy Pods Resources";
			outputPaths = (
			);
			runOnlyForDeploymentPostprocessing = 0;
			shellPath = /bin/sh;
			shellScript = "\"${SRCROOT}/Pods/Target Support Files/Pods-SaltChannel-Tests/Pods-SaltChannel-Tests-resources.sh\"\n";
			showEnvVarsInLog = 0;
		};
		060AB3CA2E47553D7865E33C /* [CP] Embed Pods Frameworks */ = {
			isa = PBXShellScriptBuildPhase;
			buildActionMask = 2147483647;
			files = (
			);
			inputPaths = (
				"${SRCROOT}/Pods/Target Support Files/Pods-SaltChannel-Tests/Pods-SaltChannel-Tests-frameworks.sh",
				"${BUILT_PRODUCTS_DIR}/Binson/Binson.framework",
				"${BUILT_PRODUCTS_DIR}/CocoaLumberjack/CocoaLumberjack.framework",
				"${BUILT_PRODUCTS_DIR}/Sodium/Sodium.framework",
			);
			name = "[CP] Embed Pods Frameworks";
			outputPaths = (
				"${TARGET_BUILD_DIR}/${FRAMEWORKS_FOLDER_PATH}/Binson.framework",
				"${TARGET_BUILD_DIR}/${FRAMEWORKS_FOLDER_PATH}/CocoaLumberjack.framework",
				"${TARGET_BUILD_DIR}/${FRAMEWORKS_FOLDER_PATH}/Sodium.framework",
			);
			runOnlyForDeploymentPostprocessing = 0;
			shellPath = /bin/sh;
			shellScript = "\"${SRCROOT}/Pods/Target Support Files/Pods-SaltChannel-Tests/Pods-SaltChannel-Tests-frameworks.sh\"\n";
			showEnvVarsInLog = 0;
		};
		1E9A2726C7618D48C30AFD3E /* [CP] Copy Pods Resources */ = {
			isa = PBXShellScriptBuildPhase;
			buildActionMask = 2147483647;
			files = (
			);
			inputPaths = (
			);
			name = "[CP] Copy Pods Resources";
			outputPaths = (
			);
			runOnlyForDeploymentPostprocessing = 0;
			shellPath = /bin/sh;
			shellScript = "\"${SRCROOT}/Pods/Target Support Files/Pods-SaltChannel/Pods-SaltChannel-resources.sh\"\n";
			showEnvVarsInLog = 0;
		};
		48483464DE444A73CA4D846B /* [CP] Check Pods Manifest.lock */ = {
			isa = PBXShellScriptBuildPhase;
			buildActionMask = 2147483647;
			files = (
			);
			inputPaths = (
				"${PODS_PODFILE_DIR_PATH}/Podfile.lock",
				"${PODS_ROOT}/Manifest.lock",
			);
			name = "[CP] Check Pods Manifest.lock";
			outputPaths = (
				"$(DERIVED_FILE_DIR)/Pods-SaltChannel-Tests-checkManifestLockResult.txt",
			);
			runOnlyForDeploymentPostprocessing = 0;
			shellPath = /bin/sh;
			shellScript = "diff \"${PODS_PODFILE_DIR_PATH}/Podfile.lock\" \"${PODS_ROOT}/Manifest.lock\" > /dev/null\nif [ $? != 0 ] ; then\n    # print error to STDERR\n    echo \"error: The sandbox is not in sync with the Podfile.lock. Run 'pod install' or update your CocoaPods installation.\" >&2\n    exit 1\nfi\n# This output is used by Xcode 'outputs' to avoid re-running this script phase.\necho \"SUCCESS\" > \"${SCRIPT_OUTPUT_FILE_0}\"\n";
			showEnvVarsInLog = 0;
		};
		C027C12FE1BA2CBBF46CFED0 /* [CP] Check Pods Manifest.lock */ = {
			isa = PBXShellScriptBuildPhase;
			buildActionMask = 2147483647;
			files = (
			);
			inputPaths = (
				"${PODS_PODFILE_DIR_PATH}/Podfile.lock",
				"${PODS_ROOT}/Manifest.lock",
			);
			name = "[CP] Check Pods Manifest.lock";
			outputPaths = (
				"$(DERIVED_FILE_DIR)/Pods-SaltChannel-checkManifestLockResult.txt",
			);
			runOnlyForDeploymentPostprocessing = 0;
			shellPath = /bin/sh;
			shellScript = "diff \"${PODS_PODFILE_DIR_PATH}/Podfile.lock\" \"${PODS_ROOT}/Manifest.lock\" > /dev/null\nif [ $? != 0 ] ; then\n    # print error to STDERR\n    echo \"error: The sandbox is not in sync with the Podfile.lock. Run 'pod install' or update your CocoaPods installation.\" >&2\n    exit 1\nfi\n# This output is used by Xcode 'outputs' to avoid re-running this script phase.\necho \"SUCCESS\" > \"${SCRIPT_OUTPUT_FILE_0}\"\n";
			showEnvVarsInLog = 0;
		};
/* End PBXShellScriptBuildPhase section */

/* Begin PBXSourcesBuildPhase section */
		OBJ_23 /* Sources */ = {
			isa = PBXSourcesBuildPhase;
			buildActionMask = 0;
			files = (
				OBJ_24 /* Package.swift in Sources */,
			);
			runOnlyForDeploymentPostprocessing = 0;
		};
		OBJ_29 /* Sources */ = {
			isa = PBXSourcesBuildPhase;
			buildActionMask = 0;
			files = (
				5B49F0521F87AFC100C15D30 /* BasicHostMock.swift in Sources */,
				5BE382D61F83C88500E40069 /* BasicSaltTests.swift in Sources */,
				5B49F0501F87AF4D00C15D30 /* EchoMock.swift in Sources */,
				5B49F04E1F86BA1900C15D30 /* SaltTestData.swift in Sources */,
				5B82011A1F8BAC1800EA7D2D /* SessionTests.swift in Sources */,
				OBJ_30 /* SaltChannelTests.swift in Sources */,
				OBJ_31 /* SodiumExtensionTest.swift in Sources */,
				5B49F0541F87B13F00C15D30 /* MockRunner.swift in Sources */,
			);
			runOnlyForDeploymentPostprocessing = 0;
		};
		OBJ_39 /* Sources */ = {
			isa = PBXSourcesBuildPhase;
			buildActionMask = 0;
			files = (
				5B55414C1F82D6BB00730B41 /* ByteChannel.swift in Sources */,
				5B82011C1F8BB05900EA7D2D /* SaltChannel+Header.swift in Sources */,
				OBJ_41 /* Nonce.swift in Sources */,
				5BE382D01F8391B700E40069 /* SaltChannel+Crypto.swift in Sources */,
				OBJ_42 /* SaltChannel.swift in Sources */,
				5B55414A1F82D63A00730B41 /* ByteUtils.swift in Sources */,
				5B5541461F82D2EF00730B41 /* ChannelError.swift in Sources */,
				5B82011E1F8BB0F600EA7D2D /* Session.swift in Sources */,
				OBJ_43 /* Sodium+Extension.swift in Sources */,
				5BE382D31F8398D900E40069 /* WaitUntil.swift in Sources */,
				5B55414E1F82D87000730B41 /* SaltChannel+Client.swift in Sources */,
				5B5541501F82DAB000730B41 /* SaltChannel+Protocol.swift in Sources */,
				5B49F0561F87D1A300C15D30 /* Protocol.swift in Sources */,
			);
			runOnlyForDeploymentPostprocessing = 0;
		};
/* End PBXSourcesBuildPhase section */

/* Begin PBXTargetDependency section */
		OBJ_34 /* PBXTargetDependency */ = {
			isa = PBXTargetDependency;
			target = "SaltChannel::SaltChannel" /* SaltChannel */;
			targetProxy = 5B5541431F82D0F400730B41 /* PBXContainerItemProxy */;
		};
		OBJ_49 /* PBXTargetDependency */ = {
			isa = PBXTargetDependency;
			target = "SaltChannel::SaltChannel-Tests" /* SaltChannel-Tests */;
			targetProxy = 5B5541441F82D0F500730B41 /* PBXContainerItemProxy */;
		};
/* End PBXTargetDependency section */

/* Begin XCBuildConfiguration section */
		OBJ_21 /* Debug */ = {
			isa = XCBuildConfiguration;
			buildSettings = {
				LD = /usr/bin/true;
				OTHER_SWIFT_FLAGS = "-swift-version 4 -I /Applications/Xcode.app/Contents/Developer/Toolchains/XcodeDefault.xctoolchain/usr/lib/swift/pm/4 -target x86_64-apple-macosx10.10 -sdk /Applications/Xcode.app/Contents/Developer/Platforms/MacOSX.platform/Developer/SDKs/MacOSX10.13.sdk";
				SWIFT_VERSION = 4.0;
			};
			name = Debug;
		};
		OBJ_22 /* Release */ = {
			isa = XCBuildConfiguration;
			buildSettings = {
				LD = /usr/bin/true;
				OTHER_SWIFT_FLAGS = "-swift-version 4 -I /Applications/Xcode.app/Contents/Developer/Toolchains/XcodeDefault.xctoolchain/usr/lib/swift/pm/4 -target x86_64-apple-macosx10.10 -sdk /Applications/Xcode.app/Contents/Developer/Platforms/MacOSX.platform/Developer/SDKs/MacOSX10.13.sdk";
				SWIFT_VERSION = 4.0;
			};
			name = Release;
		};
		OBJ_27 /* Debug */ = {
			isa = XCBuildConfiguration;
			baseConfigurationReference = EAD45259D197B518FB387E4F /* Pods-SaltChannel-Tests.debug.xcconfig */;
			buildSettings = {
				ALWAYS_EMBED_SWIFT_STANDARD_LIBRARIES = YES;
				CLANG_ENABLE_MODULES = YES;
				FRAMEWORK_SEARCH_PATHS = (
					"$(inherited)",
					"$(PLATFORM_DIR)/Developer/Library/Frameworks",
				);
				HEADER_SEARCH_PATHS = "$(inherited)";
				INFOPLIST_FILE = SaltChannel.xcodeproj/SaltChannel_Tests_Info.plist;
				LD_RUNPATH_SEARCH_PATHS = "@loader_path/../Frameworks @loader_path/Frameworks";
				OTHER_LDFLAGS = "$(inherited)";
				OTHER_SWIFT_FLAGS = "$(inherited)";
				SWIFT_OPTIMIZATION_LEVEL = "-Onone";
				SWIFT_VERSION = 4.0;
				TARGET_NAME = "SaltChannel-Tests";
			};
			name = Debug;
		};
		OBJ_28 /* Release */ = {
			isa = XCBuildConfiguration;
			baseConfigurationReference = CF90645B5C1040BA9D7096A3 /* Pods-SaltChannel-Tests.release.xcconfig */;
			buildSettings = {
				ALWAYS_EMBED_SWIFT_STANDARD_LIBRARIES = YES;
				CLANG_ENABLE_MODULES = YES;
				FRAMEWORK_SEARCH_PATHS = (
					"$(inherited)",
					"$(PLATFORM_DIR)/Developer/Library/Frameworks",
				);
				HEADER_SEARCH_PATHS = "$(inherited)";
				INFOPLIST_FILE = SaltChannel.xcodeproj/SaltChannel_Tests_Info.plist;
				LD_RUNPATH_SEARCH_PATHS = "@loader_path/../Frameworks @loader_path/Frameworks";
				OTHER_LDFLAGS = "$(inherited)";
				OTHER_SWIFT_FLAGS = "$(inherited)";
				SWIFT_VERSION = 4.0;
				TARGET_NAME = "SaltChannel-Tests";
			};
			name = Release;
		};
		OBJ_3 /* Debug */ = {
			isa = XCBuildConfiguration;
			buildSettings = {
				CLANG_ENABLE_OBJC_ARC = YES;
				CLANG_WARN_BLOCK_CAPTURE_AUTORELEASING = YES;
				CLANG_WARN_BOOL_CONVERSION = YES;
				CLANG_WARN_COMMA = YES;
				CLANG_WARN_CONSTANT_CONVERSION = YES;
				CLANG_WARN_EMPTY_BODY = YES;
				CLANG_WARN_ENUM_CONVERSION = YES;
				CLANG_WARN_INFINITE_RECURSION = YES;
				CLANG_WARN_INT_CONVERSION = YES;
				CLANG_WARN_NON_LITERAL_NULL_CONVERSION = YES;
				CLANG_WARN_OBJC_LITERAL_CONVERSION = YES;
				CLANG_WARN_RANGE_LOOP_ANALYSIS = YES;
				CLANG_WARN_STRICT_PROTOTYPES = YES;
				CLANG_WARN_SUSPICIOUS_MOVE = YES;
				CLANG_WARN_UNREACHABLE_CODE = YES;
				CLANG_WARN__DUPLICATE_METHOD_MATCH = YES;
				COMBINE_HIDPI_IMAGES = YES;
				COPY_PHASE_STRIP = NO;
				DEBUG_INFORMATION_FORMAT = dwarf;
				DYLIB_INSTALL_NAME_BASE = "@rpath";
				ENABLE_NS_ASSERTIONS = YES;
				ENABLE_STRICT_OBJC_MSGSEND = YES;
				ENABLE_TESTABILITY = YES;
				GCC_NO_COMMON_BLOCKS = YES;
				GCC_OPTIMIZATION_LEVEL = 0;
				GCC_WARN_64_TO_32_BIT_CONVERSION = YES;
				GCC_WARN_ABOUT_RETURN_TYPE = YES;
				GCC_WARN_UNDECLARED_SELECTOR = YES;
				GCC_WARN_UNINITIALIZED_AUTOS = YES;
				GCC_WARN_UNUSED_FUNCTION = YES;
				GCC_WARN_UNUSED_VARIABLE = YES;
				MACOSX_DEPLOYMENT_TARGET = 10.11;
				ONLY_ACTIVE_ARCH = YES;
				OTHER_SWIFT_FLAGS = "-DXcode";
				PRODUCT_NAME = "$(TARGET_NAME)";
				SDKROOT = macosx;
				SUPPORTED_PLATFORMS = "macosx iphoneos iphonesimulator appletvos appletvsimulator watchos watchsimulator";
				SWIFT_ACTIVE_COMPILATION_CONDITIONS = SWIFT_PACKAGE;
				SWIFT_OPTIMIZATION_LEVEL = "-Onone";
				SWIFT_VERSION = 4.0;
				USE_HEADERMAP = NO;
			};
			name = Debug;
		};
		OBJ_37 /* Debug */ = {
			isa = XCBuildConfiguration;
			baseConfigurationReference = 2773C5788EF12ADE39406372 /* Pods-SaltChannel.debug.xcconfig */;
			buildSettings = {
				ENABLE_TESTABILITY = YES;
				FRAMEWORK_SEARCH_PATHS = (
					"$(inherited)",
					"$(PLATFORM_DIR)/Developer/Library/Frameworks",
				);
				HEADER_SEARCH_PATHS = "$(inherited)";
				INFOPLIST_FILE = SaltChannel.xcodeproj/SaltChannel_Info.plist;
				LD_RUNPATH_SEARCH_PATHS = "$(TOOLCHAIN_DIR)/usr/lib/swift/macosx";
				OTHER_LDFLAGS = "$(inherited)";
				OTHER_SWIFT_FLAGS = "$(inherited)";
				PRODUCT_BUNDLE_IDENTIFIER = SaltChannel;
				PRODUCT_MODULE_NAME = "$(TARGET_NAME:c99extidentifier)";
				PRODUCT_NAME = "$(TARGET_NAME:c99extidentifier)";
				SKIP_INSTALL = YES;
				SWIFT_VERSION = 4.0;
				TARGET_NAME = SaltChannel;
			};
			name = Debug;
		};
		OBJ_38 /* Release */ = {
			isa = XCBuildConfiguration;
			baseConfigurationReference = FE1BEAF3E6FBBB23709F74D8 /* Pods-SaltChannel.release.xcconfig */;
			buildSettings = {
				ENABLE_TESTABILITY = YES;
				FRAMEWORK_SEARCH_PATHS = (
					"$(inherited)",
					"$(PLATFORM_DIR)/Developer/Library/Frameworks",
				);
				HEADER_SEARCH_PATHS = "$(inherited)";
				INFOPLIST_FILE = SaltChannel.xcodeproj/SaltChannel_Info.plist;
				LD_RUNPATH_SEARCH_PATHS = "$(TOOLCHAIN_DIR)/usr/lib/swift/macosx";
				OTHER_LDFLAGS = "$(inherited)";
				OTHER_SWIFT_FLAGS = "$(inherited)";
				PRODUCT_BUNDLE_IDENTIFIER = SaltChannel;
				PRODUCT_MODULE_NAME = "$(TARGET_NAME:c99extidentifier)";
				PRODUCT_NAME = "$(TARGET_NAME:c99extidentifier)";
				SKIP_INSTALL = YES;
				SWIFT_VERSION = 4.0;
				TARGET_NAME = SaltChannel;
			};
			name = Release;
		};
		OBJ_4 /* Release */ = {
			isa = XCBuildConfiguration;
			buildSettings = {
				CLANG_ENABLE_OBJC_ARC = YES;
				CLANG_WARN_BLOCK_CAPTURE_AUTORELEASING = YES;
				CLANG_WARN_BOOL_CONVERSION = YES;
				CLANG_WARN_COMMA = YES;
				CLANG_WARN_CONSTANT_CONVERSION = YES;
				CLANG_WARN_EMPTY_BODY = YES;
				CLANG_WARN_ENUM_CONVERSION = YES;
				CLANG_WARN_INFINITE_RECURSION = YES;
				CLANG_WARN_INT_CONVERSION = YES;
				CLANG_WARN_NON_LITERAL_NULL_CONVERSION = YES;
				CLANG_WARN_OBJC_LITERAL_CONVERSION = YES;
				CLANG_WARN_RANGE_LOOP_ANALYSIS = YES;
				CLANG_WARN_STRICT_PROTOTYPES = YES;
				CLANG_WARN_SUSPICIOUS_MOVE = YES;
				CLANG_WARN_UNREACHABLE_CODE = YES;
				CLANG_WARN__DUPLICATE_METHOD_MATCH = YES;
				COMBINE_HIDPI_IMAGES = YES;
				COPY_PHASE_STRIP = YES;
				DEBUG_INFORMATION_FORMAT = "dwarf-with-dsym";
				DYLIB_INSTALL_NAME_BASE = "@rpath";
				ENABLE_STRICT_OBJC_MSGSEND = YES;
				GCC_NO_COMMON_BLOCKS = YES;
				GCC_OPTIMIZATION_LEVEL = s;
				GCC_WARN_64_TO_32_BIT_CONVERSION = YES;
				GCC_WARN_ABOUT_RETURN_TYPE = YES;
				GCC_WARN_UNDECLARED_SELECTOR = YES;
				GCC_WARN_UNINITIALIZED_AUTOS = YES;
				GCC_WARN_UNUSED_FUNCTION = YES;
				GCC_WARN_UNUSED_VARIABLE = YES;
				MACOSX_DEPLOYMENT_TARGET = 10.11;
				OTHER_SWIFT_FLAGS = "-DXcode";
				PRODUCT_NAME = "$(TARGET_NAME)";
				SDKROOT = macosx;
				SUPPORTED_PLATFORMS = "macosx iphoneos iphonesimulator appletvos appletvsimulator watchos watchsimulator";
				SWIFT_ACTIVE_COMPILATION_CONDITIONS = SWIFT_PACKAGE;
				SWIFT_OPTIMIZATION_LEVEL = "-Owholemodule";
				SWIFT_VERSION = 4.0;
				USE_HEADERMAP = NO;
			};
			name = Release;
		};
		OBJ_47 /* Debug */ = {
			isa = XCBuildConfiguration;
			buildSettings = {
			};
			name = Debug;
		};
		OBJ_48 /* Release */ = {
			isa = XCBuildConfiguration;
			buildSettings = {
			};
			name = Release;
		};
/* End XCBuildConfiguration section */

/* Begin XCConfigurationList section */
		OBJ_2 /* Build configuration list for PBXProject "SaltChannel" */ = {
			isa = XCConfigurationList;
			buildConfigurations = (
				OBJ_3 /* Debug */,
				OBJ_4 /* Release */,
			);
			defaultConfigurationIsVisible = 0;
			defaultConfigurationName = Debug;
		};
		OBJ_20 /* Build configuration list for PBXNativeTarget "SaltChannelPackageDescription" */ = {
			isa = XCConfigurationList;
			buildConfigurations = (
				OBJ_21 /* Debug */,
				OBJ_22 /* Release */,
			);
			defaultConfigurationIsVisible = 0;
			defaultConfigurationName = Debug;
		};
		OBJ_26 /* Build configuration list for PBXNativeTarget "SaltChannel-Tests" */ = {
			isa = XCConfigurationList;
			buildConfigurations = (
				OBJ_27 /* Debug */,
				OBJ_28 /* Release */,
			);
			defaultConfigurationIsVisible = 0;
			defaultConfigurationName = Debug;
		};
		OBJ_36 /* Build configuration list for PBXNativeTarget "SaltChannel" */ = {
			isa = XCConfigurationList;
			buildConfigurations = (
				OBJ_37 /* Debug */,
				OBJ_38 /* Release */,
			);
			defaultConfigurationIsVisible = 0;
			defaultConfigurationName = Debug;
		};
		OBJ_46 /* Build configuration list for PBXAggregateTarget "SaltChannelPackageTests" */ = {
			isa = XCConfigurationList;
			buildConfigurations = (
				OBJ_47 /* Debug */,
				OBJ_48 /* Release */,
			);
			defaultConfigurationIsVisible = 0;
			defaultConfigurationName = Debug;
		};
/* End XCConfigurationList section */
	};
	rootObject = OBJ_1 /* Project object */;
}
