{
  "object": {
    "pins": [
      {
        "package": "Clibsodium",
        "repositoryURL": "https://github.com/tiwoc/Clibsodium.git",
        "state": {
          "branch": null,
          "revision": "2ac72772aae26b2da0b15c253d9bb79ba452f66a",
          "version": "1.0.0"
        }
      },
      {
        "package": "Sodium",
        "repositoryURL": "https://github.com/jedisct1/swift-sodium",
        "state": {
          "branch": null,
          "revision": "8d2e6302f9589f0e9ad5c5920afa0fc0e943dd8a",
          "version": "0.7.0"
        }
      }
    ]
  },
  "version": 1
}
